Microsoft Visual Studio Solution File, Format Version 11.00
# Visual Studio 2008

Project("{88B4CFA7-F49C-7E60-FE94-20F9FDC77107}") = "395game", "Assembly-CSharp.csproj", "{0AF84407-81C7-8DE1-4073-777005A2D66A}"
EndProject
Project("{88B4CFA7-F49C-7E60-FE94-20F9FDC77107}") = "395game", "Assembly-CSharp-Editor.csproj", "{ACC4D35A-1C02-3061-3617-76EFFD2DED01}"
EndProject
Global
	GlobalSection(SolutionConfigurationPlatforms) = preSolution
		Debug|Any CPU = Debug|Any CPU
		Release|Any CPU = Release|Any CPU
	EndGlobalSection
	GlobalSection(ProjectConfigurationPlatforms) = postSolution
		{0AF84407-81C7-8DE1-4073-777005A2D66A}.Debug|Any CPU.ActiveCfg = Debug|Any CPU
		{0AF84407-81C7-8DE1-4073-777005A2D66A}.Debug|Any CPU.Build.0 = Debug|Any CPU
		{0AF84407-81C7-8DE1-4073-777005A2D66A}.Release|Any CPU.ActiveCfg = Release|Any CPU
		{0AF84407-81C7-8DE1-4073-777005A2D66A}.Release|Any CPU.Build.0 = Release|Any CPU
		{ACC4D35A-1C02-3061-3617-76EFFD2DED01}.Debug|Any CPU.ActiveCfg = Debug|Any CPU
		{ACC4D35A-1C02-3061-3617-76EFFD2DED01}.Debug|Any CPU.Build.0 = Debug|Any CPU
		{ACC4D35A-1C02-3061-3617-76EFFD2DED01}.Release|Any CPU.ActiveCfg = Release|Any CPU
		{ACC4D35A-1C02-3061-3617-76EFFD2DED01}.Release|Any CPU.Build.0 = Release|Any CPU
	EndGlobalSection
	GlobalSection(SolutionProperties) = preSolution
		HideSolutionNode = FALSE
	EndGlobalSection
	GlobalSection(MonoDevelopProperties) = preSolution
		StartupItem = Assembly-CSharp.csproj
	EndGlobalSection
EndGlobal
